
Microsoft Visual Studio Solution File, Format Version 12.00
# Visual Studio Version 17
VisualStudioVersion = 17.13.35825.156
MinimumVisualStudioVersion = 10.0.40219.1
Project("{FAE04EC0-301F-11D3-BF4B-00C04F79EFBC}") = "Day02_OOP", "Day02_OOP\Day02_OOP.csproj", "{6F31FBC2-319B-492B-923A-AEE89798919B}"
EndProject
Project("{FAE04EC0-301F-11D3-BF4B-00C04F79EFBC}") = "Day03_OOP", "Day03_OOP\Day03_OOP.csproj", "{B8D0F9DB-73B5-4BD1-B238-E4EC1491A925}"
EndProject
Project("{FAE04EC0-301F-11D3-BF4B-00C04F79EFBC}") = "Day04_OOP", "Day04_OOP\Day04_OOP.csproj", "{1EC75879-BF20-4E8D-A9F7-975467AFE657}"
EndProject
Global
	GlobalSection(SolutionConfigurationPlatforms) = preSolution
		Debug|Any CPU = Debug|Any CPU
		Release|Any CPU = Release|Any CPU
	EndGlobalSection
	GlobalSection(ProjectConfigurationPlatforms) = postSolution
		{6F31FBC2-319B-492B-923A-AEE89798919B}.Debug|Any CPU.ActiveCfg = Debug|Any CPU
		{6F31FBC2-319B-492B-923A-AEE89798919B}.Debug|Any CPU.Build.0 = Debug|Any CPU
		{6F31FBC2-319B-492B-923A-AEE89798919B}.Release|Any CPU.ActiveCfg = Release|Any CPU
		{6F31FBC2-319B-492B-923A-AEE89798919B}.Release|Any CPU.Build.0 = Release|Any CPU
		{B8D0F9DB-73B5-4BD1-B238-E4EC1491A925}.Debug|Any CPU.ActiveCfg = Debug|Any CPU
		{B8D0F9DB-73B5-4BD1-B238-E4EC1491A925}.Debug|Any CPU.Build.0 = Debug|Any CPU
		{B8D0F9DB-73B5-4BD1-B238-E4EC1491A925}.Release|Any CPU.ActiveCfg = Release|Any CPU
		{B8D0F9DB-73B5-4BD1-B238-E4EC1491A925}.Release|Any CPU.Build.0 = Release|Any CPU
		{1EC75879-BF20-4E8D-A9F7-975467AFE657}.Debug|Any CPU.ActiveCfg = Debug|Any CPU
		{1EC75879-BF20-4E8D-A9F7-975467AFE657}.Debug|Any CPU.Build.0 = Debug|Any CPU
		{1EC75879-BF20-4E8D-A9F7-975467AFE657}.Release|Any CPU.ActiveCfg = Release|Any CPU
		{1EC75879-BF20-4E8D-A9F7-975467AFE657}.Release|Any CPU.Build.0 = Release|Any CPU
	EndGlobalSection
	GlobalSection(SolutionProperties) = preSolution
		HideSolutionNode = FALSE
	EndGlobalSection
	GlobalSection(ExtensibilityGlobals) = postSolution
		SolutionGuid = {5B62FF59-683A-4794-9EC6-1F5B93A010DC}
	EndGlobalSection
EndGlobal
